{
  "name": "io.cordova.hellocordova",
  "version": "1.0.0",
  "lockfileVersion": 1,
  "requires": true,
  "dependencies": {
    "cordova-plugin-buildinfo": {
      "version": "2.0.1",
      "resolved": "https://registry.npmjs.org/cordova-plugin-buildinfo/-/cordova-plugin-buildinfo-2.0.1.tgz",
      "integrity": "sha1-Y2bJggvkPQ0yL49L4Cp9LFpl/0g="
    },
    "cordova-plugin-camera": {
      "version": "4.0.1",
      "resolved": "https://registry.npmjs.org/cordova-plugin-camera/-/cordova-plugin-camera-4.0.1.tgz",
      "integrity": "sha1-AYwg1vxPGUV2tlSPP2cTPf5ix/0="
    },
    "cordova-plugin-datepicker": {
      "version": "0.9.3",
      "resolved": "https://registry.npmjs.org/cordova-plugin-datepicker/-/cordova-plugin-datepicker-0.9.3.tgz",
      "integrity": "sha1-JVipzlmY9tbcBs+S/Yu7nQkB8Wo="
    },
    "cordova-plugin-device": {
      "version": "2.0.1",
      "resolved": "https://registry.npmjs.org/cordova-plugin-device/-/cordova-plugin-device-2.0.1.tgz",
      "integrity": "sha1-m54jE+aCEZ/4QC9oCWo4vMUBNZM="
    },
    "cordova-plugin-file": {
      "version": "6.0.1",
      "resolved": "https://registry.npmjs.org/cordova-plugin-file/-/cordova-plugin-file-6.0.1.tgz",
      "integrity": "sha1-SWBrjBWlaI1HKPkuSnMloGHeB/U="
    },
    "cordova-plugin-firebase": {
      "version": "0.1.25",
      "resolved": "https://registry.npmjs.org/cordova-plugin-firebase/-/cordova-plugin-firebase-0.1.25.tgz",
      "integrity": "sha1-fh+W2FiKGdIhi7Tbyg1cRC8eJlE="
    },
    "cordova-plugin-geolocation": {
      "version": "4.0.1",
      "resolved": "https://registry.npmjs.org/cordova-plugin-geolocation/-/cordova-plugin-geolocation-4.0.1.tgz",
      "integrity": "sha1-RwP6ZJ0kBdJamnMsmev4aHVKLAQ="
    },
    "cordova-plugin-network-information": {
      "version": "2.0.1",
      "resolved": "https://registry.npmjs.org/cordova-plugin-network-information/-/cordova-plugin-network-information-2.0.1.tgz",
      "integrity": "sha1-6QQh9DDGq3bUCSI/Jfzvu7zhdpA="
    },
    "cordova-plugin-splashscreen": {
      "version": "5.0.1",
      "resolved": "https://registry.npmjs.org/cordova-plugin-splashscreen/-/cordova-plugin-splashscreen-5.0.1.tgz",
      "integrity": "sha1-4icXJZOULCR5sOH3af7dwhyLVaM="
    },
    "cordova-plugin-vibration": {
      "version": "3.0.1",
      "resolved": "https://registry.npmjs.org/cordova-plugin-vibration/-/cordova-plugin-vibration-3.0.1.tgz",
      "integrity": "sha1-yOmUBvBHyUCbBQMKITsb7EQVbBI="
    }
  }
}
